
Microsoft Visual Studio Solution File, Format Version 12.00
# Visual Studio Version 16
VisualStudioVersion = 16.0.31624.102
MinimumVisualStudioVersion = 10.0.40219.1
Project("{FAE04EC0-301F-11D3-BF4B-00C04F79EFBC}") = "Lab1", "Lab1\Lab1.csproj", "{5268B3AE-B0FB-476A-A255-F4B562475052}"
EndProject
Global
	GlobalSection(SolutionConfigurationPlatforms) = preSolution
		Debug|Any CPU = Debug|Any CPU
		Release|Any CPU = Release|Any CPU
	EndGlobalSection
	GlobalSection(ProjectConfigurationPlatforms) = postSolution
		{5268B3AE-B0FB-476A-A255-F4B562475052}.Debug|Any CPU.ActiveCfg = Debug|Any CPU
		{5268B3AE-B0FB-476A-A255-F4B562475052}.Debug|Any CPU.Build.0 = Debug|Any CPU
		{5268B3AE-B0FB-476A-A255-F4B562475052}.Release|Any CPU.ActiveCfg = Release|Any CPU
		{5268B3AE-B0FB-476A-A255-F4B562475052}.Release|Any CPU.Build.0 = Release|Any CPU
	EndGlobalSection
	GlobalSection(SolutionProperties) = preSolution
		HideSolutionNode = FALSE
	EndGlobalSection
	GlobalSection(ExtensibilityGlobals) = postSolution
		SolutionGuid = {234C9A1C-3824-44AE-9FC3-669ADE627838}
	EndGlobalSection
EndGlobal
